
Microsoft Visual Studio Solution File, Format Version 12.00
Project("{FAE04EC0-301F-11D3-BF4B-00C04F79EFBC}") = "GitHubPRVisualizer", "GitHubPRVisualizer\GitHubPRVisualizer.csproj", "{06E551FB-B7C5-4753-A3C9-6AE0738DACCB}"
EndProject
Global
	GlobalSection(SolutionConfigurationPlatforms) = preSolution
		Debug|Any CPU = Debug|Any CPU
		Release|Any CPU = Release|Any CPU
	EndGlobalSection
	GlobalSection(ProjectConfigurationPlatforms) = postSolution
		{06E551FB-B7C5-4753-A3C9-6AE0738DACCB}.Debug|Any CPU.ActiveCfg = Debug|Any CPU
		{06E551FB-B7C5-4753-A3C9-6AE0738DACCB}.Debug|Any CPU.Build.0 = Debug|Any CPU
		{06E551FB-B7C5-4753-A3C9-6AE0738DACCB}.Release|Any CPU.ActiveCfg = Release|Any CPU
		{06E551FB-B7C5-4753-A3C9-6AE0738DACCB}.Release|Any CPU.Build.0 = Release|Any CPU
	EndGlobalSection
EndGlobal
